
Microsoft Visual Studio Solution File, Format Version 12.00
# Visual Studio Version 16
VisualStudioVersion = 16.0.29911.84
MinimumVisualStudioVersion = 10.0.40219.1
Project("{FAE04EC0-301F-11D3-BF4B-00C04F79EFBC}") = "StrategyPattern", "StrategyPattern.csproj", "{79A84109-9CC0-4F7A-A595-EA6949D9CF53}"
EndProject
Project("{FAE04EC0-301F-11D3-BF4B-00C04F79EFBC}") = "Domain", "..\Domain\Domain.csproj", "{25C7C54A-B14C-4FDE-85F4-004AACC55445}"
EndProject
Global
	GlobalSection(SolutionConfigurationPlatforms) = preSolution
		Debug|Any CPU = Debug|Any CPU
		Release|Any CPU = Release|Any CPU
	EndGlobalSection
	GlobalSection(ProjectConfigurationPlatforms) = postSolution
		{79A84109-9CC0-4F7A-A595-EA6949D9CF53}.Debug|Any CPU.ActiveCfg = Debug|Any CPU
		{79A84109-9CC0-4F7A-A595-EA6949D9CF53}.Debug|Any CPU.Build.0 = Debug|Any CPU
		{79A84109-9CC0-4F7A-A595-EA6949D9CF53}.Release|Any CPU.ActiveCfg = Release|Any CPU
		{79A84109-9CC0-4F7A-A595-EA6949D9CF53}.Release|Any CPU.Build.0 = Release|Any CPU
		{25C7C54A-B14C-4FDE-85F4-004AACC55445}.Debug|Any CPU.ActiveCfg = Debug|Any CPU
		{25C7C54A-B14C-4FDE-85F4-004AACC55445}.Debug|Any CPU.Build.0 = Debug|Any CPU
		{25C7C54A-B14C-4FDE-85F4-004AACC55445}.Release|Any CPU.ActiveCfg = Release|Any CPU
		{25C7C54A-B14C-4FDE-85F4-004AACC55445}.Release|Any CPU.Build.0 = Release|Any CPU
	EndGlobalSection
	GlobalSection(SolutionProperties) = preSolution
		HideSolutionNode = FALSE
	EndGlobalSection
	GlobalSection(ExtensibilityGlobals) = postSolution
		SolutionGuid = {3A9FBE6F-CC06-415E-9338-20B6FCD14B87}
	EndGlobalSection
EndGlobal
